
Microsoft Visual Studio Solution File, Format Version 12.00
# Visual Studio Version 17
VisualStudioVersion = 17.10.35004.147
MinimumVisualStudioVersion = 10.0.40219.1
Project("{2150E333-8FDC-42A3-9474-1A3956D46DE8}") = "Services", "Services", "{CB47E398-114A-45DB-8583-3AD5F838FF12}"
EndProject
Project("{2150E333-8FDC-42A3-9474-1A3956D46DE8}") = "Catalog", "Catalog", "{D64E23A6-F089-41E4-9ECB-F8D11AFD6B89}"
EndProject
Project("{9A19103F-16F7-4668-BE54-9A1E7A4F7556}") = "Catalog.API", "Services\Catalog\Catalog.API\Catalog.API.csproj", "{E4CB8BDD-BE83-4FA7-844E-8FA610143CB9}"
EndProject
Project("{2150E333-8FDC-42A3-9474-1A3956D46DE8}") = "BuildingBlocks", "BuildingBlocks", "{04FC4967-9C3A-420F-AEB5-A436344095B4}"
EndProject
Project("{9A19103F-16F7-4668-BE54-9A1E7A4F7556}") = "BuildingBlocks", " BuildingBlocks\BuildingBlocks\BuildingBlocks.csproj", "{48F1C072-0528-4997-9663-D6617C1F1CDC}"
EndProject
Project("{E53339B2-1760-4266-BCC7-CA923CBCF16C}") = "docker-compose", "docker-compose.dcproj", "{06B1C486-09F4-413F-90A2-E8A1E8F23506}"
EndProject
Global
	GlobalSection(SolutionConfigurationPlatforms) = preSolution
		Debug|Any CPU = Debug|Any CPU
		Release|Any CPU = Release|Any CPU
	EndGlobalSection
	GlobalSection(ProjectConfigurationPlatforms) = postSolution
		{E4CB8BDD-BE83-4FA7-844E-8FA610143CB9}.Debug|Any CPU.ActiveCfg = Debug|Any CPU
		{E4CB8BDD-BE83-4FA7-844E-8FA610143CB9}.Debug|Any CPU.Build.0 = Debug|Any CPU
		{E4CB8BDD-BE83-4FA7-844E-8FA610143CB9}.Release|Any CPU.ActiveCfg = Release|Any CPU
		{E4CB8BDD-BE83-4FA7-844E-8FA610143CB9}.Release|Any CPU.Build.0 = Release|Any CPU
		{48F1C072-0528-4997-9663-D6617C1F1CDC}.Debug|Any CPU.ActiveCfg = Debug|Any CPU
		{48F1C072-0528-4997-9663-D6617C1F1CDC}.Debug|Any CPU.Build.0 = Debug|Any CPU
		{48F1C072-0528-4997-9663-D6617C1F1CDC}.Release|Any CPU.ActiveCfg = Release|Any CPU
		{48F1C072-0528-4997-9663-D6617C1F1CDC}.Release|Any CPU.Build.0 = Release|Any CPU
		{06B1C486-09F4-413F-90A2-E8A1E8F23506}.Debug|Any CPU.ActiveCfg = Debug|Any CPU
		{06B1C486-09F4-413F-90A2-E8A1E8F23506}.Debug|Any CPU.Build.0 = Debug|Any CPU
		{06B1C486-09F4-413F-90A2-E8A1E8F23506}.Release|Any CPU.ActiveCfg = Release|Any CPU
		{06B1C486-09F4-413F-90A2-E8A1E8F23506}.Release|Any CPU.Build.0 = Release|Any CPU
	EndGlobalSection
	GlobalSection(SolutionProperties) = preSolution
		HideSolutionNode = FALSE
	EndGlobalSection
	GlobalSection(NestedProjects) = preSolution
		{D64E23A6-F089-41E4-9ECB-F8D11AFD6B89} = {CB47E398-114A-45DB-8583-3AD5F838FF12}
		{E4CB8BDD-BE83-4FA7-844E-8FA610143CB9} = {D64E23A6-F089-41E4-9ECB-F8D11AFD6B89}
		{48F1C072-0528-4997-9663-D6617C1F1CDC} = {04FC4967-9C3A-420F-AEB5-A436344095B4}
	EndGlobalSection
	GlobalSection(ExtensibilityGlobals) = postSolution
		SolutionGuid = {0253F968-59E2-4F15-BE9A-7EDC74BCF6BA}
	EndGlobalSection
EndGlobal
